
Microsoft Visual Studio Solution File, Format Version 12.00
# Visual Studio Version 17
VisualStudioVersion = 17.10.35122.118
MinimumVisualStudioVersion = 10.0.40219.1
Project("{FAE04EC0-301F-11D3-BF4B-00C04F79EFBC}") = "StorySpoiler", "StorySpoiler\StorySpoiler.csproj", "{07D073C9-03EF-425D-B713-9981A5342012}"
EndProject
Global
	GlobalSection(SolutionConfigurationPlatforms) = preSolution
		Debug|Any CPU = Debug|Any CPU
		Release|Any CPU = Release|Any CPU
	EndGlobalSection
	GlobalSection(ProjectConfigurationPlatforms) = postSolution
		{07D073C9-03EF-425D-B713-9981A5342012}.Debug|Any CPU.ActiveCfg = Debug|Any CPU
		{07D073C9-03EF-425D-B713-9981A5342012}.Debug|Any CPU.Build.0 = Debug|Any CPU
		{07D073C9-03EF-425D-B713-9981A5342012}.Release|Any CPU.ActiveCfg = Release|Any CPU
		{07D073C9-03EF-425D-B713-9981A5342012}.Release|Any CPU.Build.0 = Release|Any CPU
	EndGlobalSection
	GlobalSection(SolutionProperties) = preSolution
		HideSolutionNode = FALSE
	EndGlobalSection
	GlobalSection(ExtensibilityGlobals) = postSolution
		SolutionGuid = {BCB5B79D-4CBB-461C-BBC4-F82CD1A2C81D}
	EndGlobalSection
EndGlobal
